
Microsoft Visual Studio Solution File, Format Version 12.00
# Visual Studio 2012
Project("{FAE04EC0-301F-11D3-BF4B-00C04F79EFBC}") = "Lab13Simulator", "Lab13Simulator\Lab13Simulator.csproj", "{74829C71-525A-44A0-B593-138409DB94EB}"
EndProject
Global
	GlobalSection(SolutionConfigurationPlatforms) = preSolution
		Debug|Any CPU = Debug|Any CPU
		Release|Any CPU = Release|Any CPU
	EndGlobalSection
	GlobalSection(ProjectConfigurationPlatforms) = postSolution
		{74829C71-525A-44A0-B593-138409DB94EB}.Debug|Any CPU.ActiveCfg = Debug|Any CPU
		{74829C71-525A-44A0-B593-138409DB94EB}.Debug|Any CPU.Build.0 = Debug|Any CPU
		{74829C71-525A-44A0-B593-138409DB94EB}.Release|Any CPU.ActiveCfg = Release|Any CPU
		{74829C71-525A-44A0-B593-138409DB94EB}.Release|Any CPU.Build.0 = Release|Any CPU
	EndGlobalSection
	GlobalSection(SolutionProperties) = preSolution
		HideSolutionNode = FALSE
	EndGlobalSection
EndGlobal
